{
  "version": 4,
  "terraform_version": "1.9.2",
  "serial": 11,
  "lineage": "9ff147c5-519b-8a17-54e9-07a79b36f891",
  "outputs": {
    "kubernetes_cluster_name": {
      "value": "gke-cluster",
      "type": "string"
    },
    "sql_instance_connection_name": {
      "value": "algebraic-link-424219-v7:us-central1:my-sql-instance",
      "type": "string"
    }
  },
  "resources": [
    {
      "mode": "managed",
      "type": "google_container_cluster",
      "name": "primary",
      "provider": "provider[\"registry.terraform.io/hashicorp/google\"]",
      "instances": [
        {
          "schema_version": 2,
          "attributes": {
            "addons_config": [
              {
                "cloudrun_config": [],
                "config_connector_config": [],
                "dns_cache_config": [],
                "gce_persistent_disk_csi_driver_config": [
                  {
                    "enabled": true
                  }
                ],
                "gcp_filestore_csi_driver_config": [],
                "gcs_fuse_csi_driver_config": [],
                "gke_backup_agent_config": [],
                "horizontal_pod_autoscaling": [],
                "http_load_balancing": [],
                "network_policy_config": [
                  {
                    "disabled": true
                  }
                ],
                "stateful_ha_config": []
              }
            ],
            "allow_net_admin": null,
            "authenticator_groups_config": [],
            "binary_authorization": [
              {
                "enabled": false,
                "evaluation_mode": ""
              }
            ],
            "cluster_autoscaling": [
              {
                "auto_provisioning_defaults": [],
                "autoscaling_profile": "BALANCED",
                "enabled": false,
                "resource_limits": []
              }
            ],
            "cluster_ipv4_cidr": "10.112.0.0/14",
            "confidential_nodes": [],
            "cost_management_config": [],
            "database_encryption": [
              {
                "key_name": "",
                "state": "DECRYPTED"
              }
            ],
            "datapath_provider": "",
            "default_max_pods_per_node": 110,
            "default_snat_status": [
              {
                "disabled": false
              }
            ],
            "deletion_protection": true,
            "description": "",
            "dns_config": [],
            "enable_autopilot": false,
            "enable_cilium_clusterwide_network_policy": false,
            "enable_intranode_visibility": false,
            "enable_k8s_beta_apis": [],
            "enable_kubernetes_alpha": false,
            "enable_l4_ilb_subsetting": false,
            "enable_legacy_abac": false,
            "enable_shielded_nodes": true,
            "enable_tpu": false,
            "endpoint": "34.173.145.17",
            "fleet": [],
            "gateway_api_config": [],
            "id": "projects/algebraic-link-424219-v7/locations/us-central1-a/clusters/gke-cluster",
            "identity_service_config": [],
            "initial_node_count": 2,
            "ip_allocation_policy": [
              {
                "additional_pod_ranges_config": [],
                "cluster_ipv4_cidr_block": "10.112.0.0/14",
                "cluster_secondary_range_name": "gke-gke-cluster-pods-1be1febb",
                "pod_cidr_overprovision_config": [
                  {
                    "disabled": false
                  }
                ],
                "services_ipv4_cidr_block": "34.118.224.0/20",
                "services_secondary_range_name": "",
                "stack_type": "IPV4"
              }
            ],
            "label_fingerprint": "a9dc16a7",
            "location": "us-central1-a",
            "logging_config": [
              {
                "enable_components": [
                  "SYSTEM_COMPONENTS",
                  "WORKLOADS"
                ]
              }
            ],
            "logging_service": "logging.googleapis.com/kubernetes",
            "maintenance_policy": [],
            "master_auth": [
              {
                "client_certificate": "",
                "client_certificate_config": [
                  {
                    "issue_client_certificate": false
                  }
                ],
                "client_key": "",
                "cluster_ca_certificate": "LS0tLS1CRUdJTiBDRVJUSUZJQ0FURS0tLS0tCk1JSUVMVENDQXBXZ0F3SUJBZ0lSQUtxNjZLS2RUdjdBZm5nTmcrV0x3TUV3RFFZSktvWklodmNOQVFFTEJRQXcKTHpFdE1Dc0dBMVVFQXhNa05UVmlabVF5WXpVdFltUTFZUzAwWkRSa0xUbGxOR0V0TjJObU4yUTJOREV6TVdKbApNQ0FYRFRJME1EY3hOREUwTWpVME9Wb1lEekl3TlRRd056QTNNVFV5TlRRNVdqQXZNUzB3S3dZRFZRUURFeVExCk5XSm1aREpqTlMxaVpEVmhMVFJrTkdRdE9XVTBZUzAzWTJZM1pEWTBNVE14WW1Vd2dnR2lNQTBHQ1NxR1NJYjMKRFFFQkFRVUFBNElCandBd2dnR0tBb0lCZ1FDNGgyQUQrVFR5eFhVamJoZUx0NXIraU9iYUtTTnRHQlhPR0FwNwpwVjRJeTloZmlvRW5LazVuakk1OFJWL1ZyZi9QanA4ZGZwME10akhwK3VQNTUvM3l5MTE5QW4xd3pMUVNINHczCk5YRFlWZ1FHM0t4RjVxWThUVE9TandTaXlVYXkwNWZOYnYrTDRqbWErTGNIKzBqQi9FTDh6TnZCSFQrcks0aEQKY0laQzgrNXRiWDNjYmoxV3l4Q2RyK1I5YlVKdkhrQjFhaEZQT1ZGa0ExMGxIMGxhdStObTdHU1A4TXJWaGFnTApnZjdIQUdiK2hML1p1MHRKMGNVNnFzSmRYL1dYMDBQMmNXYi84dWpkRTA1bHhXK1I0eTVlY2xqZTJCMHVSaVM5CkVGUUl1RVlVVTNmanFodFVBYzFPL0VUOHVDUG95V09rbVBpZ1VUU3dTY3N2U2Njd1lFa1c5NnlsNExxcE5BbU8KZ29HRVd6V05TN1F3bGdZWXhlVUtOanNRMFg0WTl1OEdlUGZaVHE3Z1E3N2FWVzlqRFZ6aUQ5NlJLOFNIdkhiOApzQWJQaWlrc0pJbkN3dyt1SVBMUmM5YUV4a1pZV1cyYW5YNXRQRVFZVkNoZkNEOTE0N3p2SlRGRGFZOG45Q2w4CjZqZ01qaE9scldGbEsyYlNJdDgzb2d3ODFyMENBd0VBQWFOQ01FQXdEZ1lEVlIwUEFRSC9CQVFEQWdJRU1BOEcKQTFVZEV3RUIvd1FGTUFNQkFmOHdIUVlEVlIwT0JCWUVGR3pvSlVtVzRHNmtaL2RKZEEya3QvRXVQcXVBTUEwRwpDU3FHU0liM0RRRUJDd1VBQTRJQmdRQTRMWlFxU2x0NzY0SXBDUjZ3eHFtQ0VLenhKLytDamNOUlYwZGN6a0pFClZqdjVyYUV4K0MyRytGMHMzUkdzbVhuK0pVN2pyRks4U3lDYmtzZVZWcks2bi9kbEdPTjJLbGErRzl1WlNldlQKcDBFN2xZTXBjSWNBdHU3eWhqTXNQVVRrV3NrMmMzZW02M1ErOU1wMzZiSG1Xb0VJRXZsRVE2M0VsdXNTMVRvZwp6bzcxN1RGU01jRGJ3Wms2alZpb3FBMTczNUNZWUdlUjhGcExWMGxETUR3dlpwRm42NlBWaE84V0F2MU80RE1sCkpSSlZaMC9INGc0UytSL1Fncm5OUlcvcUN0WW1JZGNOcERkSk12bzBhZ0xwNEo0dVh6eUJPVExRV3A5ZkNlcWEKdVFreUtiL1d4M01hcmZ3YUxsQXp5eXdGZFpYRktQLzJqUGNSNGVoNWF1ZTFRUTRJT0ZoMmhEZCs0K25adFl3Ngo1RXVDemhuWFdyZWpHRWRYSmZ0TWlzL0NrbHVOVzFGb0JPUURXNS9aNlU2cnNkeUd4MnhoOTRrdGpwSW9ERHFFCjRTTnNRN2FKdmoyNXN1TU0rcFFzM0ZQNllOaUh5d3FZVUYvZVhrdHhTNXRrTTdLRzJFZngweHdUUEpzdXNuZlcKWE1sYk4rcE1TZ1N6bVBhcFNNKy9pTWs9Ci0tLS0tRU5EIENFUlRJRklDQVRFLS0tLS0K"
              }
            ],
            "master_authorized_networks_config": [],
            "master_version": "1.29.5-gke.1091002",
            "mesh_certificates": [],
            "min_master_version": null,
            "monitoring_config": [
              {
                "advanced_datapath_observability_config": [
                  {
                    "enable_metrics": false,
                    "enable_relay": false,
                    "relay_mode": "DISABLED"
                  }
                ],
                "enable_components": [
                  "SYSTEM_COMPONENTS"
                ],
                "managed_prometheus": [
                  {
                    "enabled": true
                  }
                ]
              }
            ],
            "monitoring_service": "monitoring.googleapis.com/kubernetes",
            "name": "gke-cluster",
            "network": "projects/algebraic-link-424219-v7/global/networks/default",
            "network_policy": [
              {
                "enabled": false,
                "provider": "PROVIDER_UNSPECIFIED"
              }
            ],
            "networking_mode": "VPC_NATIVE",
            "node_config": [
              {
                "advanced_machine_features": [],
                "boot_disk_kms_key": "",
                "confidential_nodes": [],
                "containerd_config": [],
                "disk_size_gb": 100,
                "disk_type": "pd-balanced",
                "effective_taints": [],
                "enable_confidential_storage": false,
                "ephemeral_storage_local_ssd_config": [],
                "fast_socket": [],
                "gcfs_config": [],
                "guest_accelerator": [],
                "gvnic": [],
                "host_maintenance_policy": [],
                "image_type": "COS_CONTAINERD",
                "kubelet_config": [],
                "labels": {},
                "linux_node_config": [],
                "local_nvme_ssd_block_config": [],
                "local_ssd_count": 0,
                "logging_variant": "DEFAULT",
                "machine_type": "e2-medium",
                "metadata": {
                  "disable-legacy-endpoints": "true"
                },
                "min_cpu_platform": "",
                "node_group": "",
                "oauth_scopes": [
                  "https://www.googleapis.com/auth/devstorage.read_only",
                  "https://www.googleapis.com/auth/logging.write",
                  "https://www.googleapis.com/auth/monitoring",
                  "https://www.googleapis.com/auth/service.management.readonly",
                  "https://www.googleapis.com/auth/servicecontrol",
                  "https://www.googleapis.com/auth/trace.append"
                ],
                "preemptible": false,
                "reservation_affinity": [],
                "resource_labels": {},
                "resource_manager_tags": {},
                "secondary_boot_disks": [],
                "service_account": "default",
                "shielded_instance_config": [
                  {
                    "enable_integrity_monitoring": true,
                    "enable_secure_boot": false
                  }
                ],
                "sole_tenant_config": [],
                "spot": false,
                "tags": [],
                "taint": [],
                "workload_metadata_config": []
              }
            ],
            "node_locations": [],
            "node_pool": [
              {
                "autoscaling": [],
                "initial_node_count": 2,
                "instance_group_urls": [
                  "https://www.googleapis.com/compute/v1/projects/algebraic-link-424219-v7/zones/us-central1-a/instanceGroupManagers/gke-gke-cluster-default-pool-414eaefc-grp"
                ],
                "managed_instance_group_urls": [
                  "https://www.googleapis.com/compute/v1/projects/algebraic-link-424219-v7/zones/us-central1-a/instanceGroups/gke-gke-cluster-default-pool-414eaefc-grp"
                ],
                "management": [
                  {
                    "auto_repair": true,
                    "auto_upgrade": true
                  }
                ],
                "max_pods_per_node": 110,
                "name": "default-pool",
                "name_prefix": "",
                "network_config": [
                  {
                    "create_pod_range": false,
                    "enable_private_nodes": false,
                    "network_performance_config": [],
                    "pod_cidr_overprovision_config": [],
                    "pod_ipv4_cidr_block": "10.112.0.0/14",
                    "pod_range": "gke-gke-cluster-pods-1be1febb"
                  }
                ],
                "node_config": [
                  {
                    "advanced_machine_features": [],
                    "boot_disk_kms_key": "",
                    "confidential_nodes": [],
                    "containerd_config": [],
                    "disk_size_gb": 100,
                    "disk_type": "pd-balanced",
                    "effective_taints": [],
                    "enable_confidential_storage": false,
                    "ephemeral_storage_local_ssd_config": [],
                    "fast_socket": [],
                    "gcfs_config": [],
                    "guest_accelerator": [],
                    "gvnic": [],
                    "host_maintenance_policy": [],
                    "image_type": "COS_CONTAINERD",
                    "kubelet_config": [],
                    "labels": {},
                    "linux_node_config": [],
                    "local_nvme_ssd_block_config": [],
                    "local_ssd_count": 0,
                    "logging_variant": "DEFAULT",
                    "machine_type": "e2-medium",
                    "metadata": {
                      "disable-legacy-endpoints": "true"
                    },
                    "min_cpu_platform": "",
                    "node_group": "",
                    "oauth_scopes": [
                      "https://www.googleapis.com/auth/devstorage.read_only",
                      "https://www.googleapis.com/auth/logging.write",
                      "https://www.googleapis.com/auth/monitoring",
                      "https://www.googleapis.com/auth/service.management.readonly",
                      "https://www.googleapis.com/auth/servicecontrol",
                      "https://www.googleapis.com/auth/trace.append"
                    ],
                    "preemptible": false,
                    "reservation_affinity": [],
                    "resource_labels": {},
                    "resource_manager_tags": {},
                    "secondary_boot_disks": [],
                    "service_account": "default",
                    "shielded_instance_config": [
                      {
                        "enable_integrity_monitoring": true,
                        "enable_secure_boot": false
                      }
                    ],
                    "sole_tenant_config": [],
                    "spot": false,
                    "tags": [],
                    "taint": [],
                    "workload_metadata_config": []
                  }
                ],
                "node_count": 2,
                "node_locations": [
                  "us-central1-a"
                ],
                "placement_policy": [],
                "queued_provisioning": [],
                "upgrade_settings": [
                  {
                    "blue_green_settings": [],
                    "max_surge": 1,
                    "max_unavailable": 0,
                    "strategy": "SURGE"
                  }
                ],
                "version": "1.29.5-gke.1091002"
              }
            ],
            "node_pool_auto_config": [],
            "node_pool_defaults": [
              {
                "node_config_defaults": [
                  {
                    "containerd_config": [],
                    "logging_variant": "DEFAULT"
                  }
                ]
              }
            ],
            "node_version": "1.29.5-gke.1091002",
            "notification_config": [
              {
                "pubsub": [
                  {
                    "enabled": false,
                    "filter": [],
                    "topic": ""
                  }
                ]
              }
            ],
            "operation": null,
            "private_cluster_config": [
              {
                "enable_private_endpoint": false,
                "enable_private_nodes": false,
                "master_global_access_config": [
                  {
                    "enabled": false
                  }
                ],
                "master_ipv4_cidr_block": "",
                "peering_name": "",
                "private_endpoint": "10.128.0.2",
                "private_endpoint_subnetwork": "",
                "public_endpoint": "34.173.145.17"
              }
            ],
            "private_ipv6_google_access": "",
            "project": "algebraic-link-424219-v7",
            "release_channel": [
              {
                "channel": "REGULAR"
              }
            ],
            "remove_default_node_pool": null,
            "resource_labels": {},
            "resource_usage_export_config": [],
            "security_posture_config": [
              {
                "mode": "BASIC",
                "vulnerability_mode": "VULNERABILITY_MODE_UNSPECIFIED"
              }
            ],
            "self_link": "https://container.googleapis.com/v1/projects/algebraic-link-424219-v7/zones/us-central1-a/clusters/gke-cluster",
            "service_external_ips_config": [
              {
                "enabled": false
              }
            ],
            "services_ipv4_cidr": "34.118.224.0/20",
            "subnetwork": "projects/algebraic-link-424219-v7/regions/us-central1/subnetworks/default",
            "timeouts": null,
            "tpu_ipv4_cidr_block": "",
            "vertical_pod_autoscaling": [],
            "workload_identity_config": []
          },
          "sensitive_attributes": [
            [
              {
                "type": "get_attr",
                "value": "master_auth"
              },
              {
                "type": "index",
                "value": {
                  "value": 0,
                  "type": "number"
                }
              },
              {
                "type": "get_attr",
                "value": "client_key"
              }
            ]
          ],
          "private": "eyJlMmJmYjczMC1lY2FhLTExZTYtOGY4OC0zNDM2M2JjN2M0YzAiOnsiY3JlYXRlIjoyNDAwMDAwMDAwMDAwLCJkZWxldGUiOjI0MDAwMDAwMDAwMDAsInJlYWQiOjI0MDAwMDAwMDAwMDAsInVwZGF0ZSI6MzYwMDAwMDAwMDAwMH0sInNjaGVtYV92ZXJzaW9uIjoiMiJ9"
        }
      ]
    },
    {
      "mode": "managed",
      "type": "google_sql_database",
      "name": "default",
      "provider": "provider[\"registry.terraform.io/hashicorp/google\"]",
      "instances": [
        {
          "schema_version": 0,
          "attributes": {
            "charset": "UTF8",
            "collation": "en_US.UTF8",
            "deletion_policy": "DELETE",
            "id": "projects/algebraic-link-424219-v7/instances/my-sql-instance/databases/test-db",
            "instance": "my-sql-instance",
            "name": "test-db",
            "project": "algebraic-link-424219-v7",
            "self_link": "https://sqladmin.googleapis.com/sql/v1beta4/projects/algebraic-link-424219-v7/instances/my-sql-instance/databases/test-db",
            "timeouts": null
          },
          "sensitive_attributes": [],
          "private": "eyJlMmJmYjczMC1lY2FhLTExZTYtOGY4OC0zNDM2M2JjN2M0YzAiOnsiY3JlYXRlIjoxMjAwMDAwMDAwMDAwLCJkZWxldGUiOjEyMDAwMDAwMDAwMDAsInVwZGF0ZSI6MTIwMDAwMDAwMDAwMH19",
          "dependencies": [
            "google_sql_database_instance.db_instance"
          ]
        }
      ]
    },
    {
      "mode": "managed",
      "type": "google_sql_database_instance",
      "name": "db_instance",
      "provider": "provider[\"registry.terraform.io/hashicorp/google\"]",
      "instances": [
        {
          "schema_version": 0,
          "attributes": {
            "available_maintenance_versions": [],
            "clone": [],
            "connection_name": "algebraic-link-424219-v7:us-central1:my-sql-instance",
            "database_version": "POSTGRES_13",
            "deletion_protection": true,
            "dns_name": "",
            "encryption_key_name": null,
            "first_ip_address": "35.232.97.190",
            "id": "my-sql-instance",
            "instance_type": "CLOUD_SQL_INSTANCE",
            "ip_address": [
              {
                "ip_address": "35.232.97.190",
                "time_to_retire": "",
                "type": "PRIMARY"
              },
              {
                "ip_address": "34.46.246.52",
                "time_to_retire": "",
                "type": "OUTGOING"
              }
            ],
            "maintenance_version": "POSTGRES_13_15.R20240514.00_06",
            "master_instance_name": "",
            "name": "my-sql-instance",
            "private_ip_address": "",
            "project": "algebraic-link-424219-v7",
            "psc_service_attachment_link": "",
            "public_ip_address": "35.232.97.190",
            "region": "us-central1",
            "replica_configuration": [],
            "restore_backup_context": [],
            "root_password": null,
            "self_link": "https://sqladmin.googleapis.com/sql/v1beta4/projects/algebraic-link-424219-v7/instances/my-sql-instance",
            "server_ca_cert": [
              {
                "cert": "-----BEGIN CERTIFICATE-----\nMIIDfzCCAmegAwIBAgIBADANBgkqhkiG9w0BAQsFADB3MS0wKwYDVQQuEyQyZGI1\nZjlmNC1hNzhhLTQzZmMtYmU3Yi1hYTc3MWQ2OTE0NDIxIzAhBgNVBAMTGkdvb2ds\nZSBDbG91ZCBTUUwgU2VydmVyIENBMRQwEgYDVQQKEwtHb29nbGUsIEluYzELMAkG\nA1UEBhMCVVMwHhcNMjQwNzE0MTUwMjE3WhcNMzQwNzEyMTUwMzE3WjB3MS0wKwYD\nVQQuEyQyZGI1ZjlmNC1hNzhhLTQzZmMtYmU3Yi1hYTc3MWQ2OTE0NDIxIzAhBgNV\nBAMTGkdvb2dsZSBDbG91ZCBTUUwgU2VydmVyIENBMRQwEgYDVQQKEwtHb29nbGUs\nIEluYzELMAkGA1UEBhMCVVMwggEiMA0GCSqGSIb3DQEBAQUAA4IBDwAwggEKAoIB\nAQCa8z09xTw3rO6KqjGIj5/bano8dMpygOaV1HI8JB9KJdRu/32KczdkSntI47/q\nJlO7wFA8ZbWrhaH03TszrBYyy24rCoksiAB5OY5KW3KVeqkX+/eE5V7iNjV993XP\nNASLTfv3Ry2cUuprAT/0AVcrK+sDRxEDBZ4zIL5xCwRaks4tUU4izGtq2tQSVKK1\n0pDnauyLNODYPPUl5rMeJBdrj19l/xqcqyLPM89ymECOyXGRNTxKYd/LbPcormzY\nhjruP46Z1tgQObUFJPQROadLbVbqT7+SOvsHgnNs/1k0hzbOB738VeTnaW3CQBd6\nGjNnui19Ls0SPn3ilJzGn2gVAgMBAAGjFjAUMBIGA1UdEwEB/wQIMAYBAf8CAQAw\nDQYJKoZIhvcNAQELBQADggEBAAEpxkrz/ptsQ6sjtvWotoD78HVgtvbrBEyELukX\nHd+3S2U7TMBTYQZURUTvhWKWDUAt6Om9cZc4j6PBIH4xlU3ruwaLjwdmYpt0Ac+7\nHOA6eQTt3j6iI5uTkXlEMpN6wc4WuQSFcv+TIvpu6wCxXzyIeHXZCR0+pRq88ysk\nRkawGUNqg3WG78ZyNkTHA/TfR0gvo+HgA//LpGLrd0Dv5tihFm8q3YnRuLYZRswj\nYzHPl8dYkb/PPKU1RijkBJi69P1tzv/bWaPckUgsptrE+y2iJMxNEo19kO49uyj7\nDjvk/lU4X/055/kCksaTl2a86bsh09xsYCJ/ZSzhXKceH80=\n-----END CERTIFICATE-----",
                "common_name": "C=US,O=Google\\, Inc,CN=Google Cloud SQL Server CA,dnQualifier=2db5f9f4-a78a-43fc-be7b-aa771d691442",
                "create_time": "2024-07-14T15:02:17.127Z",
                "expiration_time": "2034-07-12T15:03:17.127Z",
                "sha1_fingerprint": "1706fc02d589ee849cc85181913f084ccf365ba1"
              }
            ],
            "service_account_email_address": "p155825258233-lxc8xx@gcp-sa-cloud-sql.iam.gserviceaccount.com",
            "settings": [
              {
                "activation_policy": "ALWAYS",
                "active_directory_config": [],
                "advanced_machine_features": [],
                "availability_type": "ZONAL",
                "backup_configuration": [
                  {
                    "backup_retention_settings": [
                      {
                        "retained_backups": 7,
                        "retention_unit": "COUNT"
                      }
                    ],
                    "binary_log_enabled": false,
                    "enabled": false,
                    "location": "",
                    "point_in_time_recovery_enabled": false,
                    "start_time": "12:00",
                    "transaction_log_retention_days": 7
                  }
                ],
                "collation": "",
                "connector_enforcement": "NOT_REQUIRED",
                "data_cache_config": [],
                "database_flags": [],
                "deletion_protection_enabled": false,
                "deny_maintenance_period": [],
                "disk_autoresize": true,
                "disk_autoresize_limit": 0,
                "disk_size": 10,
                "disk_type": "PD_SSD",
                "edition": "ENTERPRISE",
                "enable_google_ml_integration": false,
                "insights_config": [],
                "ip_configuration": [
                  {
                    "allocated_ip_range": "",
                    "authorized_networks": [],
                    "enable_private_path_for_google_cloud_services": false,
                    "ipv4_enabled": true,
                    "private_network": "",
                    "psc_config": [],
                    "require_ssl": false,
                    "ssl_mode": ""
                  }
                ],
                "location_preference": [
                  {
                    "follow_gae_application": "",
                    "secondary_zone": "",
                    "zone": "us-central1-b"
                  }
                ],
                "maintenance_window": [],
                "password_validation_policy": [],
                "pricing_plan": "PER_USE",
                "sql_server_audit_config": [],
                "tier": "db-f1-micro",
                "time_zone": "",
                "user_labels": {},
                "version": 1
              }
            ],
            "timeouts": null
          },
          "sensitive_attributes": [
            [
              {
                "type": "get_attr",
                "value": "root_password"
              }
            ],
            [
              {
                "type": "get_attr",
                "value": "server_ca_cert"
              }
            ]
          ],
          "private": "eyJlMmJmYjczMC1lY2FhLTExZTYtOGY4OC0zNDM2M2JjN2M0YzAiOnsiY3JlYXRlIjo1NDAwMDAwMDAwMDAwLCJkZWxldGUiOjU0MDAwMDAwMDAwMDAsInVwZGF0ZSI6NTQwMDAwMDAwMDAwMH19"
        }
      ]
    },
    {
      "mode": "managed",
      "type": "google_sql_user",
      "name": "users",
      "provider": "provider[\"registry.terraform.io/hashicorp/google\"]",
      "instances": [
        {
          "schema_version": 1,
          "attributes": {
            "deletion_policy": null,
            "host": "",
            "id": "user//my-sql-instance",
            "instance": "my-sql-instance",
            "name": "user",
            "password": "password",
            "password_policy": [],
            "project": "algebraic-link-424219-v7",
            "sql_server_user_details": [],
            "timeouts": null,
            "type": ""
          },
          "sensitive_attributes": [
            [
              {
                "type": "get_attr",
                "value": "password"
              }
            ]
          ],
          "private": "eyJlMmJmYjczMC1lY2FhLTExZTYtOGY4OC0zNDM2M2JjN2M0YzAiOnsiY3JlYXRlIjo2MDAwMDAwMDAwMDAsImRlbGV0ZSI6NjAwMDAwMDAwMDAwLCJ1cGRhdGUiOjYwMDAwMDAwMDAwMH0sInNjaGVtYV92ZXJzaW9uIjoiMSJ9",
          "dependencies": [
            "google_sql_database_instance.db_instance"
          ]
        }
      ]
    }
  ],
  "check_results": null
}
