{
  "version": 4,
  "terraform_version": "1.9.2",
  "serial": 7,
  "lineage": "5ccafed3-1ca1-8f74-67c4-5d8952d6ebb6",
  "outputs": {
    "kubernetes_cluster_name": {
      "value": "gke-cluster",
      "type": "string"
    },
    "sql_instance_connection_name": {
      "value": "steam-form-429617-k7:us-central1:sql-instance",
      "type": "string"
    }
  },
  "resources": [
    {
      "mode": "managed",
      "type": "google_container_cluster",
      "name": "primary",
      "provider": "provider[\"registry.terraform.io/hashicorp/google\"]",
      "instances": [
        {
          "schema_version": 2,
          "attributes": {
            "addons_config": [
              {
                "cloudrun_config": [],
                "config_connector_config": [],
                "dns_cache_config": [],
                "gce_persistent_disk_csi_driver_config": [
                  {
                    "enabled": true
                  }
                ],
                "gcp_filestore_csi_driver_config": [],
                "gcs_fuse_csi_driver_config": [],
                "gke_backup_agent_config": [],
                "horizontal_pod_autoscaling": [],
                "http_load_balancing": [],
                "network_policy_config": [
                  {
                    "disabled": true
                  }
                ],
                "stateful_ha_config": []
              }
            ],
            "allow_net_admin": null,
            "authenticator_groups_config": [],
            "binary_authorization": [
              {
                "enabled": false,
                "evaluation_mode": ""
              }
            ],
            "cluster_autoscaling": [
              {
                "auto_provisioning_defaults": [],
                "autoscaling_profile": "BALANCED",
                "enabled": false,
                "resource_limits": []
              }
            ],
            "cluster_ipv4_cidr": "10.28.0.0/14",
            "confidential_nodes": [],
            "cost_management_config": [],
            "database_encryption": [
              {
                "key_name": "",
                "state": "DECRYPTED"
              }
            ],
            "datapath_provider": "",
            "default_max_pods_per_node": 110,
            "default_snat_status": [
              {
                "disabled": false
              }
            ],
            "deletion_protection": true,
            "description": "",
            "dns_config": [],
            "enable_autopilot": false,
            "enable_cilium_clusterwide_network_policy": false,
            "enable_intranode_visibility": false,
            "enable_k8s_beta_apis": [],
            "enable_kubernetes_alpha": false,
            "enable_l4_ilb_subsetting": false,
            "enable_legacy_abac": false,
            "enable_shielded_nodes": true,
            "enable_tpu": false,
            "endpoint": "34.122.254.175",
            "fleet": [],
            "gateway_api_config": [],
            "id": "projects/steam-form-429617-k7/locations/us-central1-a/clusters/gke-cluster",
            "identity_service_config": [],
            "initial_node_count": 2,
            "ip_allocation_policy": [
              {
                "additional_pod_ranges_config": [],
                "cluster_ipv4_cidr_block": "10.28.0.0/14",
                "cluster_secondary_range_name": "gke-gke-cluster-pods-9aaae285",
                "pod_cidr_overprovision_config": [
                  {
                    "disabled": false
                  }
                ],
                "services_ipv4_cidr_block": "34.118.224.0/20",
                "services_secondary_range_name": "",
                "stack_type": "IPV4"
              }
            ],
            "label_fingerprint": "a9dc16a7",
            "location": "us-central1-a",
            "logging_config": [
              {
                "enable_components": [
                  "SYSTEM_COMPONENTS",
                  "WORKLOADS"
                ]
              }
            ],
            "logging_service": "logging.googleapis.com/kubernetes",
            "maintenance_policy": [],
            "master_auth": [
              {
                "client_certificate": "",
                "client_certificate_config": [
                  {
                    "issue_client_certificate": false
                  }
                ],
                "client_key": "",
                "cluster_ca_certificate": "LS0tLS1CRUdJTiBDRVJUSUZJQ0FURS0tLS0tCk1JSUVMRENDQXBTZ0F3SUJBZ0lRYTJIUjJod3F5RHZ3NW42amREVWp4REFOQmdrcWhraUc5dzBCQVFzRkFEQXYKTVMwd0t3WURWUVFERXlReVkyVXhOalZpT1MwNU5UQm1MVFJsWkRndFlUWm1NUzA0WVRjM1pUSXhabUpoWmpBdwpJQmNOTWpRd056RTJNVGt5TVRVNFdoZ1BNakExTkRBM01Ea3lNREl4TlRoYU1DOHhMVEFyQmdOVkJBTVRKREpqClpURTJOV0k1TFRrMU1HWXROR1ZrT0MxaE5tWXhMVGhoTnpkbE1qRm1ZbUZtTURDQ0FhSXdEUVlKS29aSWh2Y04KQVFFQkJRQURnZ0dQQURDQ0FZb0NnZ0dCQU1tTFE1V3p0Uk1OblJmNm9MUUdTL2dxUExTdXVySE1rYTVCbGtGbQpRSUdTRHpwblhLVlJubkJvaWVPY2xxTUM1cVJ4ZTdBRkxVTHhmeWdCMENtUTh1ZzZ4bGpkMjJ3VGJlcm9WbUV5CmFlRjRhZXg3N3FHU0orT3FrcFlmRHpSWWovK2lNQ2EyTWFxc2RiR3kxalVpSk9NQnkwUngzSU1UYmlOZmQ1bisKcXpYRWdyNy9iKzRXRHNjNW5TRnlCN3lKNTcrdGhmYUJGaVpxakVvUkhnOWF2ZUdKODdnZUFiaFk1OHBsaUh6NApYZXF3eEJ0aWwxa1JacCtvYktRS2RDR3ZsNEdWMm44R1MydDBMcGJTWUYzWTNPMEZZczgxMjlOZTF5WXRlb2Y5CkZNV2FXTkpNbElUcEZiUy9FRWY5Zlo0MGF3bzFrUDdzR21sZmhBVHBjRVhMMkZzL1JhL3NJR1JUOWdVTUNxT1QKOEt1WlZCWjh3QmowTDlYSzdBRjRIWmFVMThJM3hWZVZYSHpXemdKemg0YlhEQjJPamVoaEpWYkhWNjVnOC9kQQpBWGhRSHpIT2IyOFZuSzhEZlQ4NnlNRUlISTk2MC9iejN1N3REVmd3MHBjZmhYc3ZzN3JidzVOK1dKWmJLUnJxCmpPUW9UcUVvYkdJZlA2enhjY29GcTY5Wit3SURBUUFCbzBJd1FEQU9CZ05WSFE4QkFmOEVCQU1DQWdRd0R3WUQKVlIwVEFRSC9CQVV3QXdFQi96QWRCZ05WSFE0RUZnUVVaa1BxMjhrT0IxMEUrcG9FTmVGREQ0b1p4N3N3RFFZSgpLb1pJaHZjTkFRRUxCUUFEZ2dHQkFEaDZEc2dOVEl0R0cvQXRpZ2NkMzk2MXRVUU0zckk2SEJrWGxvaWR0eVpECmxVQW9nanh0eFBZV2dQcFByU1NIdW1kZ3BCYkhxMFYralBmZkt6SWlkYk9TNjNMdHlSWWRHOEZUUUhrS0thREgKODJKKzRaU2VFY25XZDgyTWpXSFFHaWhBVkVrK1NqV3ZZcUk0N1l6UlhSY2lYRkh3TjMvRld0OGE0eDFHd216MQp0SGcza3dodmFNRjVnb2wzeC8vWjIyV1lTd0h6K2liVXo2dWhIQkZuRHloSnlIRU82THNqRXhoV2FyTUprZG51CkZZV2VnTm1ZcE9hL0Y1THRwamFBdTBraEJ3L0dsZ05pT1hmVmV2VG11UnRDWllpZmdENzErOGpTbHByMWFJL1cKQnJoV3FmU09zbnRJL0F2Q2V5L3VPZjFLTzN0TnBVNys5NVFmb1hGckpzdjQzL1dLdDdGNkFXeHRJaytTNW5ZMwpCVTJPNk4wb1o1azZWZGZycWN2WVQ4N2VjR1RwbFlyZWdPYy84ekNmNFF6aUlCZkhmZ1JaQkJuV0ZTZlpnT0VlCjRFczVad1FROTZTWnFSY2h6WmJRRnE4TG9hc0s3RlJMQWFGMTlzM2I2N0hlc3I1dGxPNzlCdDNxZ0RQdTBJTFcKS0QvYjBXYXgrVEhJRitzckI2ZFpwQT09Ci0tLS0tRU5EIENFUlRJRklDQVRFLS0tLS0K"
              }
            ],
            "master_authorized_networks_config": [],
            "master_version": "1.29.5-gke.1091002",
            "mesh_certificates": [],
            "min_master_version": null,
            "monitoring_config": [
              {
                "advanced_datapath_observability_config": [
                  {
                    "enable_metrics": false,
                    "enable_relay": false,
                    "relay_mode": "DISABLED"
                  }
                ],
                "enable_components": [
                  "SYSTEM_COMPONENTS"
                ],
                "managed_prometheus": [
                  {
                    "enabled": true
                  }
                ]
              }
            ],
            "monitoring_service": "monitoring.googleapis.com/kubernetes",
            "name": "gke-cluster",
            "network": "projects/steam-form-429617-k7/global/networks/default",
            "network_policy": [
              {
                "enabled": false,
                "provider": "PROVIDER_UNSPECIFIED"
              }
            ],
            "networking_mode": "VPC_NATIVE",
            "node_config": [
              {
                "advanced_machine_features": [],
                "boot_disk_kms_key": "",
                "confidential_nodes": [],
                "containerd_config": [],
                "disk_size_gb": 50,
                "disk_type": "pd-ssd",
                "effective_taints": [],
                "enable_confidential_storage": false,
                "ephemeral_storage_local_ssd_config": [],
                "fast_socket": [],
                "gcfs_config": [],
                "guest_accelerator": [],
                "gvnic": [],
                "host_maintenance_policy": [],
                "image_type": "COS_CONTAINERD",
                "kubelet_config": [],
                "labels": {},
                "linux_node_config": [],
                "local_nvme_ssd_block_config": [],
                "local_ssd_count": 0,
                "logging_variant": "DEFAULT",
                "machine_type": "e2-medium",
                "metadata": {
                  "disable-legacy-endpoints": "true"
                },
                "min_cpu_platform": "",
                "node_group": "",
                "oauth_scopes": [
                  "https://www.googleapis.com/auth/devstorage.read_only",
                  "https://www.googleapis.com/auth/logging.write",
                  "https://www.googleapis.com/auth/monitoring",
                  "https://www.googleapis.com/auth/service.management.readonly",
                  "https://www.googleapis.com/auth/servicecontrol",
                  "https://www.googleapis.com/auth/trace.append"
                ],
                "preemptible": false,
                "reservation_affinity": [],
                "resource_labels": {},
                "resource_manager_tags": {},
                "secondary_boot_disks": [],
                "service_account": "default",
                "shielded_instance_config": [
                  {
                    "enable_integrity_monitoring": true,
                    "enable_secure_boot": false
                  }
                ],
                "sole_tenant_config": [],
                "spot": false,
                "tags": [],
                "taint": [],
                "workload_metadata_config": []
              }
            ],
            "node_locations": [],
            "node_pool": [
              {
                "autoscaling": [],
                "initial_node_count": 2,
                "instance_group_urls": [
                  "https://www.googleapis.com/compute/v1/projects/steam-form-429617-k7/zones/us-central1-a/instanceGroupManagers/gke-gke-cluster-default-pool-fae3d074-grp"
                ],
                "managed_instance_group_urls": [
                  "https://www.googleapis.com/compute/v1/projects/steam-form-429617-k7/zones/us-central1-a/instanceGroups/gke-gke-cluster-default-pool-fae3d074-grp"
                ],
                "management": [
                  {
                    "auto_repair": true,
                    "auto_upgrade": true
                  }
                ],
                "max_pods_per_node": 110,
                "name": "default-pool",
                "name_prefix": "",
                "network_config": [
                  {
                    "create_pod_range": false,
                    "enable_private_nodes": false,
                    "network_performance_config": [],
                    "pod_cidr_overprovision_config": [],
                    "pod_ipv4_cidr_block": "10.28.0.0/14",
                    "pod_range": "gke-gke-cluster-pods-9aaae285"
                  }
                ],
                "node_config": [
                  {
                    "advanced_machine_features": [],
                    "boot_disk_kms_key": "",
                    "confidential_nodes": [],
                    "containerd_config": [],
                    "disk_size_gb": 50,
                    "disk_type": "pd-ssd",
                    "effective_taints": [],
                    "enable_confidential_storage": false,
                    "ephemeral_storage_local_ssd_config": [],
                    "fast_socket": [],
                    "gcfs_config": [],
                    "guest_accelerator": [],
                    "gvnic": [],
                    "host_maintenance_policy": [],
                    "image_type": "COS_CONTAINERD",
                    "kubelet_config": [],
                    "labels": {},
                    "linux_node_config": [],
                    "local_nvme_ssd_block_config": [],
                    "local_ssd_count": 0,
                    "logging_variant": "DEFAULT",
                    "machine_type": "e2-medium",
                    "metadata": {
                      "disable-legacy-endpoints": "true"
                    },
                    "min_cpu_platform": "",
                    "node_group": "",
                    "oauth_scopes": [
                      "https://www.googleapis.com/auth/devstorage.read_only",
                      "https://www.googleapis.com/auth/logging.write",
                      "https://www.googleapis.com/auth/monitoring",
                      "https://www.googleapis.com/auth/service.management.readonly",
                      "https://www.googleapis.com/auth/servicecontrol",
                      "https://www.googleapis.com/auth/trace.append"
                    ],
                    "preemptible": false,
                    "reservation_affinity": [],
                    "resource_labels": {},
                    "resource_manager_tags": {},
                    "secondary_boot_disks": [],
                    "service_account": "default",
                    "shielded_instance_config": [
                      {
                        "enable_integrity_monitoring": true,
                        "enable_secure_boot": false
                      }
                    ],
                    "sole_tenant_config": [],
                    "spot": false,
                    "tags": [],
                    "taint": [],
                    "workload_metadata_config": []
                  }
                ],
                "node_count": 2,
                "node_locations": [
                  "us-central1-a"
                ],
                "placement_policy": [],
                "queued_provisioning": [],
                "upgrade_settings": [
                  {
                    "blue_green_settings": [],
                    "max_surge": 1,
                    "max_unavailable": 0,
                    "strategy": "SURGE"
                  }
                ],
                "version": "1.29.5-gke.1091002"
              }
            ],
            "node_pool_auto_config": [],
            "node_pool_defaults": [
              {
                "node_config_defaults": [
                  {
                    "containerd_config": [],
                    "logging_variant": "DEFAULT"
                  }
                ]
              }
            ],
            "node_version": "1.29.5-gke.1091002",
            "notification_config": [
              {
                "pubsub": [
                  {
                    "enabled": false,
                    "filter": [],
                    "topic": ""
                  }
                ]
              }
            ],
            "operation": null,
            "private_cluster_config": [
              {
                "enable_private_endpoint": false,
                "enable_private_nodes": false,
                "master_global_access_config": [
                  {
                    "enabled": false
                  }
                ],
                "master_ipv4_cidr_block": "",
                "peering_name": "",
                "private_endpoint": "10.128.0.2",
                "private_endpoint_subnetwork": "",
                "public_endpoint": "34.122.254.175"
              }
            ],
            "private_ipv6_google_access": "",
            "project": "steam-form-429617-k7",
            "release_channel": [
              {
                "channel": "REGULAR"
              }
            ],
            "remove_default_node_pool": null,
            "resource_labels": {},
            "resource_usage_export_config": [],
            "security_posture_config": [
              {
                "mode": "BASIC",
                "vulnerability_mode": "VULNERABILITY_MODE_UNSPECIFIED"
              }
            ],
            "self_link": "https://container.googleapis.com/v1/projects/steam-form-429617-k7/zones/us-central1-a/clusters/gke-cluster",
            "service_external_ips_config": [
              {
                "enabled": false
              }
            ],
            "services_ipv4_cidr": "34.118.224.0/20",
            "subnetwork": "projects/steam-form-429617-k7/regions/us-central1/subnetworks/default",
            "timeouts": null,
            "tpu_ipv4_cidr_block": "",
            "vertical_pod_autoscaling": [],
            "workload_identity_config": []
          },
          "sensitive_attributes": [
            [
              {
                "type": "get_attr",
                "value": "master_auth"
              },
              {
                "type": "index",
                "value": {
                  "value": 0,
                  "type": "number"
                }
              },
              {
                "type": "get_attr",
                "value": "client_key"
              }
            ]
          ],
          "private": "eyJlMmJmYjczMC1lY2FhLTExZTYtOGY4OC0zNDM2M2JjN2M0YzAiOnsiY3JlYXRlIjoyNDAwMDAwMDAwMDAwLCJkZWxldGUiOjI0MDAwMDAwMDAwMDAsInJlYWQiOjI0MDAwMDAwMDAwMDAsInVwZGF0ZSI6MzYwMDAwMDAwMDAwMH0sInNjaGVtYV92ZXJzaW9uIjoiMiJ9"
        }
      ]
    },
    {
      "mode": "managed",
      "type": "google_sql_database",
      "name": "default",
      "provider": "provider[\"registry.terraform.io/hashicorp/google\"]",
      "instances": [
        {
          "schema_version": 0,
          "attributes": {
            "charset": "UTF8",
            "collation": "en_US.UTF8",
            "deletion_policy": "DELETE",
            "id": "projects/steam-form-429617-k7/instances/sql-instance/databases/test-db",
            "instance": "sql-instance",
            "name": "test-db",
            "project": "steam-form-429617-k7",
            "self_link": "https://sqladmin.googleapis.com/sql/v1beta4/projects/steam-form-429617-k7/instances/sql-instance/databases/test-db",
            "timeouts": null
          },
          "sensitive_attributes": [],
          "private": "eyJlMmJmYjczMC1lY2FhLTExZTYtOGY4OC0zNDM2M2JjN2M0YzAiOnsiY3JlYXRlIjoxMjAwMDAwMDAwMDAwLCJkZWxldGUiOjEyMDAwMDAwMDAwMDAsInVwZGF0ZSI6MTIwMDAwMDAwMDAwMH19",
          "dependencies": [
            "google_sql_database_instance.db_instance"
          ]
        }
      ]
    },
    {
      "mode": "managed",
      "type": "google_sql_database_instance",
      "name": "db_instance",
      "provider": "provider[\"registry.terraform.io/hashicorp/google\"]",
      "instances": [
        {
          "schema_version": 0,
          "attributes": {
            "available_maintenance_versions": [],
            "clone": [],
            "connection_name": "steam-form-429617-k7:us-central1:sql-instance",
            "database_version": "POSTGRES_13",
            "deletion_protection": false,
            "dns_name": "",
            "encryption_key_name": null,
            "first_ip_address": "34.171.62.143",
            "id": "sql-instance",
            "instance_type": "CLOUD_SQL_INSTANCE",
            "ip_address": [
              {
                "ip_address": "34.171.62.143",
                "time_to_retire": "",
                "type": "PRIMARY"
              },
              {
                "ip_address": "34.132.198.249",
                "time_to_retire": "",
                "type": "OUTGOING"
              }
            ],
            "maintenance_version": "POSTGRES_13_15.R20240514.00_08",
            "master_instance_name": "",
            "name": "sql-instance",
            "private_ip_address": "",
            "project": "steam-form-429617-k7",
            "psc_service_attachment_link": "",
            "public_ip_address": "34.171.62.143",
            "region": "us-central1",
            "replica_configuration": [],
            "restore_backup_context": [],
            "root_password": null,
            "self_link": "https://sqladmin.googleapis.com/sql/v1beta4/projects/steam-form-429617-k7/instances/sql-instance",
            "server_ca_cert": [
              {
                "cert": "-----BEGIN CERTIFICATE-----\nMIIDfzCCAmegAwIBAgIBADANBgkqhkiG9w0BAQsFADB3MS0wKwYDVQQuEyQzY2Rk\nM2NkOC1hODQzLTRkN2QtYTllZS00MmMxODU0NGRhMDIxIzAhBgNVBAMTGkdvb2ds\nZSBDbG91ZCBTUUwgU2VydmVyIENBMRQwEgYDVQQKEwtHb29nbGUsIEluYzELMAkG\nA1UEBhMCVVMwHhcNMjQwNzE2MjAyOTQ5WhcNMzQwNzE0MjAzMDQ5WjB3MS0wKwYD\nVQQuEyQzY2RkM2NkOC1hODQzLTRkN2QtYTllZS00MmMxODU0NGRhMDIxIzAhBgNV\nBAMTGkdvb2dsZSBDbG91ZCBTUUwgU2VydmVyIENBMRQwEgYDVQQKEwtHb29nbGUs\nIEluYzELMAkGA1UEBhMCVVMwggEiMA0GCSqGSIb3DQEBAQUAA4IBDwAwggEKAoIB\nAQCmaYdsEPmSr7ZMp3HGG/Ew2BI4VjgsT/Ntgw+yyOfm+E5w4OSoFBmfcrFB5Xvx\nadUhbVO5WvcBuer0M8kO0q5R7M4msgpYf+4Uda6/6Fyhfe+3IlLfJIzVHxrUYENP\n2S5v2ZMP7XuoGFwVTfzgGfgBMAVbY9+3aHMHK9rQvXh7X1iuFjQJe4qyP7LnZCYI\nUJW+EIVu8eTupPKbju8QXGZQ1YN1ISu0vwdyUADccVCq8K3Hf/7yf0jK5CKQndse\nuqhj9gOEltPSAMOOFYFSZG0vA11YAMLMxZkcWr91q2ypOtkiava0m1+Moiu5piYX\nC57M/H/AvNEx3cA62TFVaGEHAgMBAAGjFjAUMBIGA1UdEwEB/wQIMAYBAf8CAQAw\nDQYJKoZIhvcNAQELBQADggEBAAF/ge9FNe+Sow7y5z0lnDA8yfcleB9Tlx+dz9y4\nKg86UtdsJV31DbLuwT9wnD60BXumtbrTUQH/Bawb2c4KTqcxQRY9l+/9B9B8KDAD\nvm+ogbguuDk1ACY+SKgdNlzzFyhmF8BqSC4CuKMQVhquNvDZWm+Uq0TZv762X1OH\nxS8qjEOWKNDIa7+bGzKfUF+5q3e2c/7waWazYiQ9OXQjV5INq5uLptA9XADXREQ7\n/fBMmVhmWEGsItO3nxU9bovsbc2X5Q0/3AqBsQRly5f3qLFd7hptnMQeKKQMfkkO\n8EpsA+Qg0PoFgzFBtj9OUijenlt6YLrxqgOt3m6bxpO1iJw=\n-----END CERTIFICATE-----",
                "common_name": "C=US,O=Google\\, Inc,CN=Google Cloud SQL Server CA,dnQualifier=3cdd3cd8-a843-4d7d-a9ee-42c18544da02",
                "create_time": "2024-07-16T20:29:49.319Z",
                "expiration_time": "2034-07-14T20:30:49.319Z",
                "sha1_fingerprint": "54ecc08ce200161145073eb035b370b8ce8145c9"
              }
            ],
            "service_account_email_address": "p217501238571-du8lb8@gcp-sa-cloud-sql.iam.gserviceaccount.com",
            "settings": [
              {
                "activation_policy": "ALWAYS",
                "active_directory_config": [],
                "advanced_machine_features": [],
                "availability_type": "ZONAL",
                "backup_configuration": [
                  {
                    "backup_retention_settings": [
                      {
                        "retained_backups": 7,
                        "retention_unit": "COUNT"
                      }
                    ],
                    "binary_log_enabled": false,
                    "enabled": false,
                    "location": "",
                    "point_in_time_recovery_enabled": false,
                    "start_time": "10:00",
                    "transaction_log_retention_days": 7
                  }
                ],
                "collation": "",
                "connector_enforcement": "NOT_REQUIRED",
                "data_cache_config": [],
                "database_flags": [],
                "deletion_protection_enabled": false,
                "deny_maintenance_period": [],
                "disk_autoresize": true,
                "disk_autoresize_limit": 0,
                "disk_size": 10,
                "disk_type": "PD_SSD",
                "edition": "ENTERPRISE",
                "enable_google_ml_integration": false,
                "insights_config": [],
                "ip_configuration": [
                  {
                    "allocated_ip_range": "",
                    "authorized_networks": [],
                    "enable_private_path_for_google_cloud_services": false,
                    "ipv4_enabled": true,
                    "private_network": "",
                    "psc_config": [],
                    "require_ssl": false,
                    "ssl_mode": ""
                  }
                ],
                "location_preference": [
                  {
                    "follow_gae_application": "",
                    "secondary_zone": "",
                    "zone": "us-central1-a"
                  }
                ],
                "maintenance_window": [],
                "password_validation_policy": [],
                "pricing_plan": "PER_USE",
                "sql_server_audit_config": [],
                "tier": "db-f1-micro",
                "time_zone": "",
                "user_labels": {},
                "version": 1
              }
            ],
            "timeouts": null
          },
          "sensitive_attributes": [
            [
              {
                "type": "get_attr",
                "value": "root_password"
              }
            ],
            [
              {
                "type": "get_attr",
                "value": "server_ca_cert"
              }
            ]
          ],
          "private": "eyJlMmJmYjczMC1lY2FhLTExZTYtOGY4OC0zNDM2M2JjN2M0YzAiOnsiY3JlYXRlIjo1NDAwMDAwMDAwMDAwLCJkZWxldGUiOjU0MDAwMDAwMDAwMDAsInVwZGF0ZSI6NTQwMDAwMDAwMDAwMH19"
        }
      ]
    },
    {
      "mode": "managed",
      "type": "google_sql_user",
      "name": "users",
      "provider": "provider[\"registry.terraform.io/hashicorp/google\"]",
      "instances": [
        {
          "schema_version": 1,
          "attributes": {
            "deletion_policy": null,
            "host": "",
            "id": "userdb//sql-instance",
            "instance": "sql-instance",
            "name": "userdb",
            "password": "password",
            "password_policy": [],
            "project": "steam-form-429617-k7",
            "sql_server_user_details": [],
            "timeouts": null,
            "type": ""
          },
          "sensitive_attributes": [
            [
              {
                "type": "get_attr",
                "value": "password"
              }
            ]
          ],
          "private": "eyJlMmJmYjczMC1lY2FhLTExZTYtOGY4OC0zNDM2M2JjN2M0YzAiOnsiY3JlYXRlIjo2MDAwMDAwMDAwMDAsImRlbGV0ZSI6NjAwMDAwMDAwMDAwLCJ1cGRhdGUiOjYwMDAwMDAwMDAwMH0sInNjaGVtYV92ZXJzaW9uIjoiMSJ9",
          "dependencies": [
            "google_sql_database_instance.db_instance"
          ]
        }
      ]
    }
  ],
  "check_results": null
}
