{
  "version": 4,
  "terraform_version": "1.9.2",
  "serial": 7,
  "lineage": "2f3b254a-1276-0a23-77c5-52f0246158d1",
  "outputs": {
    "kubernetes_cluster_name": {
      "value": "gke-cluster",
      "type": "string"
    },
    "sql_instance_connection_name": {
      "value": "new-task-429501:us-central1:my-sql-instance",
      "type": "string"
    }
  },
  "resources": [
    {
      "mode": "managed",
      "type": "google_sql_database",
      "name": "default",
      "provider": "provider[\"registry.terraform.io/hashicorp/google\"]",
      "instances": [
        {
          "schema_version": 0,
          "attributes": {
            "charset": "UTF8",
            "collation": "en_US.UTF8",
            "deletion_policy": "DELETE",
            "id": "projects/new-task-429501/instances/my-sql-instance/databases/test-db",
            "instance": "my-sql-instance",
            "name": "test-db",
            "project": "new-task-429501",
            "self_link": "https://sqladmin.googleapis.com/sql/v1beta4/projects/new-task-429501/instances/my-sql-instance/databases/test-db",
            "timeouts": null
          },
          "sensitive_attributes": [],
          "private": "eyJlMmJmYjczMC1lY2FhLTExZTYtOGY4OC0zNDM2M2JjN2M0YzAiOnsiY3JlYXRlIjoxMjAwMDAwMDAwMDAwLCJkZWxldGUiOjEyMDAwMDAwMDAwMDAsInVwZGF0ZSI6MTIwMDAwMDAwMDAwMH19",
          "dependencies": [
            "google_sql_database_instance.db_instance"
          ]
        }
      ]
    },
    {
      "mode": "managed",
      "type": "google_sql_database_instance",
      "name": "db_instance",
      "provider": "provider[\"registry.terraform.io/hashicorp/google\"]",
      "instances": [
        {
          "schema_version": 0,
          "attributes": {
            "available_maintenance_versions": [],
            "clone": [],
            "connection_name": "new-task-429501:us-central1:my-sql-instance",
            "database_version": "POSTGRES_13",
            "deletion_protection": false,
            "dns_name": "",
            "encryption_key_name": null,
            "first_ip_address": "34.31.53.226",
            "id": "my-sql-instance",
            "instance_type": "CLOUD_SQL_INSTANCE",
            "ip_address": [
              {
                "ip_address": "34.31.53.226",
                "time_to_retire": "",
                "type": "PRIMARY"
              },
              {
                "ip_address": "34.172.10.50",
                "time_to_retire": "",
                "type": "OUTGOING"
              }
            ],
            "maintenance_version": "POSTGRES_13_15.R20240514.00_08",
            "master_instance_name": "",
            "name": "my-sql-instance",
            "private_ip_address": "",
            "project": "new-task-429501",
            "psc_service_attachment_link": "",
            "public_ip_address": "34.31.53.226",
            "region": "us-central1",
            "replica_configuration": [],
            "restore_backup_context": [],
            "root_password": null,
            "self_link": "https://sqladmin.googleapis.com/sql/v1beta4/projects/new-task-429501/instances/my-sql-instance",
            "server_ca_cert": [
              {
                "cert": "-----BEGIN CERTIFICATE-----\nMIIDfzCCAmegAwIBAgIBADANBgkqhkiG9w0BAQsFADB3MS0wKwYDVQQuEyQ0N2Zl\nNGVhZi05NjE5LTRmNjgtOGUxOS03NGQxMGExOGQwMmYxIzAhBgNVBAMTGkdvb2ds\nZSBDbG91ZCBTUUwgU2VydmVyIENBMRQwEgYDVQQKEwtHb29nbGUsIEluYzELMAkG\nA1UEBhMCVVMwHhcNMjQwNzE1MDUwMDU3WhcNMzQwNzEzMDUwMTU3WjB3MS0wKwYD\nVQQuEyQ0N2ZlNGVhZi05NjE5LTRmNjgtOGUxOS03NGQxMGExOGQwMmYxIzAhBgNV\nBAMTGkdvb2dsZSBDbG91ZCBTUUwgU2VydmVyIENBMRQwEgYDVQQKEwtHb29nbGUs\nIEluYzELMAkGA1UEBhMCVVMwggEiMA0GCSqGSIb3DQEBAQUAA4IBDwAwggEKAoIB\nAQCUkOiPv/Xi6sWHgbBNBrI3dtGz/Kk5n5V529+nFOpERamIOds0667TnRF+yy8E\nljSiDpASLTgZAWY4FR2hE8B7juKkSQguhlIsOkBIvmFxHNn2UJVKTWypOXILmKDv\n1d9bMQ2BDBaF9SCFPi8aAHxDPWSL+DbEndJCsRQT3I9pcTFAKlwmsdTDcsve8zFX\ngxkLYkX37k9Wv6kruXn6iOXuaB+E2CyyRiIPfc62HcnVi1/Czn+Zy/IjyOFYPA8X\n4DQJ++NKQj3K7oCEr/w47e+Va8Bi8rvRfnmwzdatX7M5dvmZPz//IRVDJVclLa9K\nMUCfG6dZIztrnsjUM/RvhIJDAgMBAAGjFjAUMBIGA1UdEwEB/wQIMAYBAf8CAQAw\nDQYJKoZIhvcNAQELBQADggEBAIsSFcuoKSC0vFAkLoJfoVw2l/NwV/QafPJqeRJE\nCNTnj+6CvHSldCbSkU9IyZHbEWShcyPc8/55oAtHDsVYyuFSmRu/H23owOW7jtAP\naucf9uTzd5hG75va/j2wOabZOmlq1yMFTyioxgcvqBSA+rl7D31Hq7p6panEhhtb\n42n6fonwojsVUFDT/KxvXSjYO2CAlHZelNYx8xsDU9w/Zm3sA3eHWj69QVWqx6L/\n1Sr6Jx8rOaTDoSiUa5wpW/cBCruOvtQOCUjvqVQlrUK7h7dg/2k677nCIAoec3s/\nzQs/lL3zDnM+nx4cx2e6ReUTAJLSHPzosnGkzLHQtEpPIY8=\n-----END CERTIFICATE-----",
                "common_name": "C=US,O=Google\\, Inc,CN=Google Cloud SQL Server CA,dnQualifier=47fe4eaf-9619-4f68-8e19-74d10a18d02f",
                "create_time": "2024-07-15T05:00:57.537Z",
                "expiration_time": "2034-07-13T05:01:57.537Z",
                "sha1_fingerprint": "fc216d14cbc3bdddf2a592fc4632aa59a5021cae"
              }
            ],
            "service_account_email_address": "p1004959137079-ibu7b1@gcp-sa-cloud-sql.iam.gserviceaccount.com",
            "settings": [
              {
                "activation_policy": "ALWAYS",
                "active_directory_config": [],
                "advanced_machine_features": [],
                "availability_type": "ZONAL",
                "backup_configuration": [
                  {
                    "backup_retention_settings": [
                      {
                        "retained_backups": 7,
                        "retention_unit": "COUNT"
                      }
                    ],
                    "binary_log_enabled": false,
                    "enabled": false,
                    "location": "",
                    "point_in_time_recovery_enabled": false,
                    "start_time": "06:00",
                    "transaction_log_retention_days": 7
                  }
                ],
                "collation": "",
                "connector_enforcement": "NOT_REQUIRED",
                "data_cache_config": [],
                "database_flags": [],
                "deletion_protection_enabled": false,
                "deny_maintenance_period": [],
                "disk_autoresize": true,
                "disk_autoresize_limit": 0,
                "disk_size": 10,
                "disk_type": "PD_SSD",
                "edition": "ENTERPRISE",
                "enable_google_ml_integration": false,
                "insights_config": [],
                "ip_configuration": [
                  {
                    "allocated_ip_range": "",
                    "authorized_networks": [],
                    "enable_private_path_for_google_cloud_services": false,
                    "ipv4_enabled": true,
                    "private_network": "",
                    "psc_config": [],
                    "require_ssl": false,
                    "ssl_mode": ""
                  }
                ],
                "location_preference": [
                  {
                    "follow_gae_application": "",
                    "secondary_zone": "",
                    "zone": "us-central1-c"
                  }
                ],
                "maintenance_window": [],
                "password_validation_policy": [],
                "pricing_plan": "PER_USE",
                "sql_server_audit_config": [],
                "tier": "db-f1-micro",
                "time_zone": "",
                "user_labels": {},
                "version": 1
              }
            ],
            "timeouts": null
          },
          "sensitive_attributes": [
            [
              {
                "type": "get_attr",
                "value": "server_ca_cert"
              }
            ],
            [
              {
                "type": "get_attr",
                "value": "root_password"
              }
            ]
          ],
          "private": "eyJlMmJmYjczMC1lY2FhLTExZTYtOGY4OC0zNDM2M2JjN2M0YzAiOnsiY3JlYXRlIjo1NDAwMDAwMDAwMDAwLCJkZWxldGUiOjU0MDAwMDAwMDAwMDAsInVwZGF0ZSI6NTQwMDAwMDAwMDAwMH19"
        }
      ]
    },
    {
      "mode": "managed",
      "type": "google_sql_user",
      "name": "users",
      "provider": "provider[\"registry.terraform.io/hashicorp/google\"]",
      "instances": [
        {
          "schema_version": 1,
          "attributes": {
            "deletion_policy": null,
            "host": "",
            "id": "user//my-sql-instance",
            "instance": "my-sql-instance",
            "name": "user",
            "password": "password",
            "password_policy": [],
            "project": "new-task-429501",
            "sql_server_user_details": [],
            "timeouts": null,
            "type": ""
          },
          "sensitive_attributes": [
            [
              {
                "type": "get_attr",
                "value": "password"
              }
            ]
          ],
          "private": "eyJlMmJmYjczMC1lY2FhLTExZTYtOGY4OC0zNDM2M2JjN2M0YzAiOnsiY3JlYXRlIjo2MDAwMDAwMDAwMDAsImRlbGV0ZSI6NjAwMDAwMDAwMDAwLCJ1cGRhdGUiOjYwMDAwMDAwMDAwMH0sInNjaGVtYV92ZXJzaW9uIjoiMSJ9",
          "dependencies": [
            "google_sql_database_instance.db_instance"
          ]
        }
      ]
    }
  ],
  "check_results": null
}
