{
  "version": 4,
  "terraform_version": "1.9.2",
  "serial": 10,
  "lineage": "2f3b254a-1276-0a23-77c5-52f0246158d1",
  "outputs": {
    "kubernetes_cluster_name": {
      "value": "gke-cluster",
      "type": "string"
    },
    "sql_instance_connection_name": {
      "value": "new-task-429501:us-central1:my-sql-instance",
      "type": "string"
    }
  },
  "resources": [
    {
      "mode": "managed",
      "type": "google_container_cluster",
      "name": "primary",
      "provider": "provider[\"registry.terraform.io/hashicorp/google\"]",
      "instances": [
        {
          "schema_version": 2,
          "attributes": {
            "addons_config": [
              {
                "cloudrun_config": [],
                "config_connector_config": [],
                "dns_cache_config": [],
                "gce_persistent_disk_csi_driver_config": [
                  {
                    "enabled": true
                  }
                ],
                "gcp_filestore_csi_driver_config": [],
                "gcs_fuse_csi_driver_config": [],
                "gke_backup_agent_config": [],
                "horizontal_pod_autoscaling": [],
                "http_load_balancing": [],
                "network_policy_config": [
                  {
                    "disabled": true
                  }
                ],
                "stateful_ha_config": []
              }
            ],
            "allow_net_admin": null,
            "authenticator_groups_config": [],
            "binary_authorization": [
              {
                "enabled": false,
                "evaluation_mode": ""
              }
            ],
            "cluster_autoscaling": [
              {
                "auto_provisioning_defaults": [],
                "autoscaling_profile": "BALANCED",
                "enabled": false,
                "resource_limits": []
              }
            ],
            "cluster_ipv4_cidr": "10.60.0.0/14",
            "confidential_nodes": [],
            "cost_management_config": [],
            "database_encryption": [
              {
                "key_name": "",
                "state": "DECRYPTED"
              }
            ],
            "datapath_provider": "",
            "default_max_pods_per_node": 110,
            "default_snat_status": [
              {
                "disabled": false
              }
            ],
            "deletion_protection": true,
            "description": "",
            "dns_config": [],
            "enable_autopilot": false,
            "enable_cilium_clusterwide_network_policy": false,
            "enable_intranode_visibility": false,
            "enable_k8s_beta_apis": [],
            "enable_kubernetes_alpha": false,
            "enable_l4_ilb_subsetting": false,
            "enable_legacy_abac": false,
            "enable_shielded_nodes": true,
            "enable_tpu": false,
            "endpoint": "35.188.112.197",
            "fleet": [],
            "gateway_api_config": [],
            "id": "projects/new-task-429501/locations/us-central1-a/clusters/gke-cluster",
            "identity_service_config": [],
            "initial_node_count": 2,
            "ip_allocation_policy": [
              {
                "additional_pod_ranges_config": [],
                "cluster_ipv4_cidr_block": "10.60.0.0/14",
                "cluster_secondary_range_name": "gke-gke-cluster-pods-ab793fae",
                "pod_cidr_overprovision_config": [
                  {
                    "disabled": false
                  }
                ],
                "services_ipv4_cidr_block": "34.118.224.0/20",
                "services_secondary_range_name": "",
                "stack_type": "IPV4"
              }
            ],
            "label_fingerprint": "a9dc16a7",
            "location": "us-central1-a",
            "logging_config": [
              {
                "enable_components": [
                  "SYSTEM_COMPONENTS",
                  "WORKLOADS"
                ]
              }
            ],
            "logging_service": "logging.googleapis.com/kubernetes",
            "maintenance_policy": [],
            "master_auth": [
              {
                "client_certificate": "",
                "client_certificate_config": [
                  {
                    "issue_client_certificate": false
                  }
                ],
                "client_key": "",
                "cluster_ca_certificate": "LS0tLS1CRUdJTiBDRVJUSUZJQ0FURS0tLS0tCk1JSUVMVENDQXBXZ0F3SUJBZ0lSQVBYU1lIVmpwUFR0RkNtUEE1clFxdzR3RFFZSktvWklodmNOQVFFTEJRQXcKTHpFdE1Dc0dBMVVFQXhNa09HTTFOamd6TWpndE5tWmlOQzAwTWprNExUazRPRFF0TkdNeE9XWTVZamhrTVRBMgpNQ0FYRFRJME1EY3hOVEEwTXprMU4xb1lEekl3TlRRd056QTRNRFV6T1RVM1dqQXZNUzB3S3dZRFZRUURFeVE0Cll6VTJPRE15T0MwMlptSTBMVFF5T1RndE9UZzROQzAwWXpFNVpqbGlPR1F4TURZd2dnR2lNQTBHQ1NxR1NJYjMKRFFFQkFRVUFBNElCandBd2dnR0tBb0lCZ1FDdkM2ODhUcUpxT05HS2M0S2VWaWgwc2ZjTXl2YVoyWGVCSVVtVgpyQUdpUVpLODE0QzBMMmNtWURod3VWZWt5SHpxMWNhQ1hiajZRMTcxcFpnODVIc2tsQ21GRHAwb0NJMHJMcXFHCjdvUm1ZMWVONlh6UWgrYnk4U1doMDFOelI4dDFBekRKeHlldC9NcDVYdHBEYzdFdWlhOHpQRlp5amtkZVlxS2cKZVk0ekpISWt1YWlVRHZWT0N6OXkycFBRWWFZNFRONGhkU1EvQ0hKQzExdFl3dnRaNmdQMWhxSHRxMWdqQ0hyTgoxajE4Q253eDM5UkNaTEZxcmpLUXRDbVRHNFlRMVhtcFFPYlhaSWNZOUx1UU44TGpBRzlTUm9UYmJsdFZSZ0hICjhIT2l5RDJkdHQzRUJyNDU1cElWaG5hS2s0eWRCOVFTWm5IcXpIRnNxY1FWQjlkbjlvOFNtb2I3eSt3bGp4czYKUUVVSzM3SmcwZUFkazR3cStTZU9KOGJrQXViRHlNMXNUVjhwZy9LUGkrUXVtT24zTFFwdVluU0pqR0QxRjBodwpzVDJka3JoUzJaUjVCZHRXSmtnZ1hyMkNFandyRERVNWdLRndNWFZLNGxEdWE5STBTZTFLMjI2QzFQZXRBVGZoCjBuZm9iamxibmtzVVlrbm1BdDJ1RlBuREFEY0NBd0VBQWFOQ01FQXdEZ1lEVlIwUEFRSC9CQVFEQWdJRU1BOEcKQTFVZEV3RUIvd1FGTUFNQkFmOHdIUVlEVlIwT0JCWUVGRGh0dmxhdCtsenRpcnB2aWlXRTVVYUNRL0xPTUEwRwpDU3FHU0liM0RRRUJDd1VBQTRJQmdRQWQ5d3ZjczJSWTdxZWVNQjNTdTVQSHZRL0xJWU5yVndZVmdsUFIrWEZXCm8vWWE1aHhpZXBnTFZmSzFPNXZ0VHJWVzROdnpIb2psVGkvN0tPMmwvSDJ4MlJSeWJvNUR2YVBFVWo4eW92eEcKRVZoNzFraWpVYUlXUk1zVE9VNmt6dU4vcmE5N2tkTnFlSlMzZnB3WGtrWXNZYUMxUHZrVTBaeXBISGVHSUptdwpFdDFQanRCRmlwSTUzek9MQVlEazZ2MGErdVk4UjFVZmRZczdHRnZqR2tsbHFoeXFkUXhFVjBCaUwwVTBHamt4CndicVNubFZabHVvdDE4aG1UeFQvcXl2bU9ZdHZQODVFMWYxanFPQ3RiaGtxZ3dzQUpYVFRYMVZEMnFSOGx6b2QKa3REWTkzQWRXT2NoNFoyTHBObENiRTdsVEhhcG5qUnQwTDAyVG8wa3lkZEd5YWd1WDl4OUZ5a2FuaEVoTVZkUAozNjJqUDNHYkRRYWJZWCswMmRnWVA3ME1GalBLaWkvZEU0WVpRdVEvMnpaMUpWZk1FN09lSFZzMXRRZFFYUXdqCmNQRm1uT2xTOVhneUV1SmR0c2tlRUZCZWpiaFlyTDFRUnpCaGN2L0RMV0RUWC9xKytBckZkMzBOTENSNGhYQWoKdWhhb3NEMWNNWnErVkwwbEtubFRXRVE9Ci0tLS0tRU5EIENFUlRJRklDQVRFLS0tLS0K"
              }
            ],
            "master_authorized_networks_config": [],
            "master_version": "1.29.5-gke.1091002",
            "mesh_certificates": [],
            "min_master_version": null,
            "monitoring_config": [
              {
                "advanced_datapath_observability_config": [
                  {
                    "enable_metrics": false,
                    "enable_relay": false,
                    "relay_mode": "DISABLED"
                  }
                ],
                "enable_components": [
                  "SYSTEM_COMPONENTS"
                ],
                "managed_prometheus": [
                  {
                    "enabled": true
                  }
                ]
              }
            ],
            "monitoring_service": "monitoring.googleapis.com/kubernetes",
            "name": "gke-cluster",
            "network": "projects/new-task-429501/global/networks/default",
            "network_policy": [
              {
                "enabled": false,
                "provider": "PROVIDER_UNSPECIFIED"
              }
            ],
            "networking_mode": "VPC_NATIVE",
            "node_config": [
              {
                "advanced_machine_features": [],
                "boot_disk_kms_key": "",
                "confidential_nodes": [],
                "containerd_config": [],
                "disk_size_gb": 50,
                "disk_type": "pd-ssd",
                "effective_taints": [],
                "enable_confidential_storage": false,
                "ephemeral_storage_local_ssd_config": [],
                "fast_socket": [],
                "gcfs_config": [],
                "guest_accelerator": [],
                "gvnic": [],
                "host_maintenance_policy": [],
                "image_type": "COS_CONTAINERD",
                "kubelet_config": [],
                "labels": {},
                "linux_node_config": [],
                "local_nvme_ssd_block_config": [],
                "local_ssd_count": 0,
                "logging_variant": "DEFAULT",
                "machine_type": "e2-medium",
                "metadata": {
                  "disable-legacy-endpoints": "true"
                },
                "min_cpu_platform": "",
                "node_group": "",
                "oauth_scopes": [
                  "https://www.googleapis.com/auth/devstorage.read_only",
                  "https://www.googleapis.com/auth/logging.write",
                  "https://www.googleapis.com/auth/monitoring",
                  "https://www.googleapis.com/auth/service.management.readonly",
                  "https://www.googleapis.com/auth/servicecontrol",
                  "https://www.googleapis.com/auth/trace.append"
                ],
                "preemptible": false,
                "reservation_affinity": [],
                "resource_labels": {},
                "resource_manager_tags": {},
                "secondary_boot_disks": [],
                "service_account": "default",
                "shielded_instance_config": [
                  {
                    "enable_integrity_monitoring": true,
                    "enable_secure_boot": false
                  }
                ],
                "sole_tenant_config": [],
                "spot": false,
                "tags": [],
                "taint": [],
                "workload_metadata_config": []
              }
            ],
            "node_locations": [],
            "node_pool": [
              {
                "autoscaling": [],
                "initial_node_count": 2,
                "instance_group_urls": [
                  "https://www.googleapis.com/compute/v1/projects/new-task-429501/zones/us-central1-a/instanceGroupManagers/gke-gke-cluster-default-pool-912f3d42-grp"
                ],
                "managed_instance_group_urls": [
                  "https://www.googleapis.com/compute/v1/projects/new-task-429501/zones/us-central1-a/instanceGroups/gke-gke-cluster-default-pool-912f3d42-grp"
                ],
                "management": [
                  {
                    "auto_repair": true,
                    "auto_upgrade": true
                  }
                ],
                "max_pods_per_node": 110,
                "name": "default-pool",
                "name_prefix": "",
                "network_config": [
                  {
                    "create_pod_range": false,
                    "enable_private_nodes": false,
                    "network_performance_config": [],
                    "pod_cidr_overprovision_config": [],
                    "pod_ipv4_cidr_block": "10.60.0.0/14",
                    "pod_range": "gke-gke-cluster-pods-ab793fae"
                  }
                ],
                "node_config": [
                  {
                    "advanced_machine_features": [],
                    "boot_disk_kms_key": "",
                    "confidential_nodes": [],
                    "containerd_config": [],
                    "disk_size_gb": 50,
                    "disk_type": "pd-ssd",
                    "effective_taints": [],
                    "enable_confidential_storage": false,
                    "ephemeral_storage_local_ssd_config": [],
                    "fast_socket": [],
                    "gcfs_config": [],
                    "guest_accelerator": [],
                    "gvnic": [],
                    "host_maintenance_policy": [],
                    "image_type": "COS_CONTAINERD",
                    "kubelet_config": [],
                    "labels": {},
                    "linux_node_config": [],
                    "local_nvme_ssd_block_config": [],
                    "local_ssd_count": 0,
                    "logging_variant": "DEFAULT",
                    "machine_type": "e2-medium",
                    "metadata": {
                      "disable-legacy-endpoints": "true"
                    },
                    "min_cpu_platform": "",
                    "node_group": "",
                    "oauth_scopes": [
                      "https://www.googleapis.com/auth/devstorage.read_only",
                      "https://www.googleapis.com/auth/logging.write",
                      "https://www.googleapis.com/auth/monitoring",
                      "https://www.googleapis.com/auth/service.management.readonly",
                      "https://www.googleapis.com/auth/servicecontrol",
                      "https://www.googleapis.com/auth/trace.append"
                    ],
                    "preemptible": false,
                    "reservation_affinity": [],
                    "resource_labels": {},
                    "resource_manager_tags": {},
                    "secondary_boot_disks": [],
                    "service_account": "default",
                    "shielded_instance_config": [
                      {
                        "enable_integrity_monitoring": true,
                        "enable_secure_boot": false
                      }
                    ],
                    "sole_tenant_config": [],
                    "spot": false,
                    "tags": [],
                    "taint": [],
                    "workload_metadata_config": []
                  }
                ],
                "node_count": 2,
                "node_locations": [
                  "us-central1-a"
                ],
                "placement_policy": [],
                "queued_provisioning": [],
                "upgrade_settings": [
                  {
                    "blue_green_settings": [],
                    "max_surge": 1,
                    "max_unavailable": 0,
                    "strategy": "SURGE"
                  }
                ],
                "version": "1.29.5-gke.1091002"
              }
            ],
            "node_pool_auto_config": [],
            "node_pool_defaults": [
              {
                "node_config_defaults": [
                  {
                    "containerd_config": [],
                    "logging_variant": "DEFAULT"
                  }
                ]
              }
            ],
            "node_version": "1.29.5-gke.1091002",
            "notification_config": [
              {
                "pubsub": [
                  {
                    "enabled": false,
                    "filter": [],
                    "topic": ""
                  }
                ]
              }
            ],
            "operation": null,
            "private_cluster_config": [
              {
                "enable_private_endpoint": false,
                "enable_private_nodes": false,
                "master_global_access_config": [
                  {
                    "enabled": false
                  }
                ],
                "master_ipv4_cidr_block": "",
                "peering_name": "",
                "private_endpoint": "10.128.0.2",
                "private_endpoint_subnetwork": "",
                "public_endpoint": "35.188.112.197"
              }
            ],
            "private_ipv6_google_access": "",
            "project": "new-task-429501",
            "release_channel": [
              {
                "channel": "REGULAR"
              }
            ],
            "remove_default_node_pool": null,
            "resource_labels": {},
            "resource_usage_export_config": [],
            "security_posture_config": [
              {
                "mode": "BASIC",
                "vulnerability_mode": "VULNERABILITY_MODE_UNSPECIFIED"
              }
            ],
            "self_link": "https://container.googleapis.com/v1/projects/new-task-429501/zones/us-central1-a/clusters/gke-cluster",
            "service_external_ips_config": [
              {
                "enabled": false
              }
            ],
            "services_ipv4_cidr": "34.118.224.0/20",
            "subnetwork": "projects/new-task-429501/regions/us-central1/subnetworks/default",
            "timeouts": null,
            "tpu_ipv4_cidr_block": "",
            "vertical_pod_autoscaling": [],
            "workload_identity_config": []
          },
          "sensitive_attributes": [
            [
              {
                "type": "get_attr",
                "value": "master_auth"
              },
              {
                "type": "index",
                "value": {
                  "value": 0,
                  "type": "number"
                }
              },
              {
                "type": "get_attr",
                "value": "client_key"
              }
            ]
          ],
          "private": "eyJlMmJmYjczMC1lY2FhLTExZTYtOGY4OC0zNDM2M2JjN2M0YzAiOnsiY3JlYXRlIjoyNDAwMDAwMDAwMDAwLCJkZWxldGUiOjI0MDAwMDAwMDAwMDAsInJlYWQiOjI0MDAwMDAwMDAwMDAsInVwZGF0ZSI6MzYwMDAwMDAwMDAwMH0sInNjaGVtYV92ZXJzaW9uIjoiMiJ9"
        }
      ]
    },
    {
      "mode": "managed",
      "type": "google_sql_database",
      "name": "default",
      "provider": "provider[\"registry.terraform.io/hashicorp/google\"]",
      "instances": [
        {
          "schema_version": 0,
          "attributes": {
            "charset": "UTF8",
            "collation": "en_US.UTF8",
            "deletion_policy": "DELETE",
            "id": "projects/new-task-429501/instances/my-sql-instance/databases/test-db",
            "instance": "my-sql-instance",
            "name": "test-db",
            "project": "new-task-429501",
            "self_link": "https://sqladmin.googleapis.com/sql/v1beta4/projects/new-task-429501/instances/my-sql-instance/databases/test-db",
            "timeouts": null
          },
          "sensitive_attributes": [],
          "private": "eyJlMmJmYjczMC1lY2FhLTExZTYtOGY4OC0zNDM2M2JjN2M0YzAiOnsiY3JlYXRlIjoxMjAwMDAwMDAwMDAwLCJkZWxldGUiOjEyMDAwMDAwMDAwMDAsInVwZGF0ZSI6MTIwMDAwMDAwMDAwMH19",
          "dependencies": [
            "google_sql_database_instance.db_instance"
          ]
        }
      ]
    },
    {
      "mode": "managed",
      "type": "google_sql_database_instance",
      "name": "db_instance",
      "provider": "provider[\"registry.terraform.io/hashicorp/google\"]",
      "instances": [
        {
          "schema_version": 0,
          "attributes": {
            "available_maintenance_versions": [],
            "clone": [],
            "connection_name": "new-task-429501:us-central1:my-sql-instance",
            "database_version": "POSTGRES_13",
            "deletion_protection": false,
            "dns_name": "",
            "encryption_key_name": null,
            "first_ip_address": "34.31.53.226",
            "id": "my-sql-instance",
            "instance_type": "CLOUD_SQL_INSTANCE",
            "ip_address": [
              {
                "ip_address": "34.31.53.226",
                "time_to_retire": "",
                "type": "PRIMARY"
              },
              {
                "ip_address": "34.172.10.50",
                "time_to_retire": "",
                "type": "OUTGOING"
              }
            ],
            "maintenance_version": "POSTGRES_13_15.R20240514.00_08",
            "master_instance_name": "",
            "name": "my-sql-instance",
            "private_ip_address": "",
            "project": "new-task-429501",
            "psc_service_attachment_link": "",
            "public_ip_address": "34.31.53.226",
            "region": "us-central1",
            "replica_configuration": [],
            "restore_backup_context": [],
            "root_password": null,
            "self_link": "https://sqladmin.googleapis.com/sql/v1beta4/projects/new-task-429501/instances/my-sql-instance",
            "server_ca_cert": [
              {
                "cert": "-----BEGIN CERTIFICATE-----\nMIIDfzCCAmegAwIBAgIBADANBgkqhkiG9w0BAQsFADB3MS0wKwYDVQQuEyQ0N2Zl\nNGVhZi05NjE5LTRmNjgtOGUxOS03NGQxMGExOGQwMmYxIzAhBgNVBAMTGkdvb2ds\nZSBDbG91ZCBTUUwgU2VydmVyIENBMRQwEgYDVQQKEwtHb29nbGUsIEluYzELMAkG\nA1UEBhMCVVMwHhcNMjQwNzE1MDUwMDU3WhcNMzQwNzEzMDUwMTU3WjB3MS0wKwYD\nVQQuEyQ0N2ZlNGVhZi05NjE5LTRmNjgtOGUxOS03NGQxMGExOGQwMmYxIzAhBgNV\nBAMTGkdvb2dsZSBDbG91ZCBTUUwgU2VydmVyIENBMRQwEgYDVQQKEwtHb29nbGUs\nIEluYzELMAkGA1UEBhMCVVMwggEiMA0GCSqGSIb3DQEBAQUAA4IBDwAwggEKAoIB\nAQCUkOiPv/Xi6sWHgbBNBrI3dtGz/Kk5n5V529+nFOpERamIOds0667TnRF+yy8E\nljSiDpASLTgZAWY4FR2hE8B7juKkSQguhlIsOkBIvmFxHNn2UJVKTWypOXILmKDv\n1d9bMQ2BDBaF9SCFPi8aAHxDPWSL+DbEndJCsRQT3I9pcTFAKlwmsdTDcsve8zFX\ngxkLYkX37k9Wv6kruXn6iOXuaB+E2CyyRiIPfc62HcnVi1/Czn+Zy/IjyOFYPA8X\n4DQJ++NKQj3K7oCEr/w47e+Va8Bi8rvRfnmwzdatX7M5dvmZPz//IRVDJVclLa9K\nMUCfG6dZIztrnsjUM/RvhIJDAgMBAAGjFjAUMBIGA1UdEwEB/wQIMAYBAf8CAQAw\nDQYJKoZIhvcNAQELBQADggEBAIsSFcuoKSC0vFAkLoJfoVw2l/NwV/QafPJqeRJE\nCNTnj+6CvHSldCbSkU9IyZHbEWShcyPc8/55oAtHDsVYyuFSmRu/H23owOW7jtAP\naucf9uTzd5hG75va/j2wOabZOmlq1yMFTyioxgcvqBSA+rl7D31Hq7p6panEhhtb\n42n6fonwojsVUFDT/KxvXSjYO2CAlHZelNYx8xsDU9w/Zm3sA3eHWj69QVWqx6L/\n1Sr6Jx8rOaTDoSiUa5wpW/cBCruOvtQOCUjvqVQlrUK7h7dg/2k677nCIAoec3s/\nzQs/lL3zDnM+nx4cx2e6ReUTAJLSHPzosnGkzLHQtEpPIY8=\n-----END CERTIFICATE-----",
                "common_name": "C=US,O=Google\\, Inc,CN=Google Cloud SQL Server CA,dnQualifier=47fe4eaf-9619-4f68-8e19-74d10a18d02f",
                "create_time": "2024-07-15T05:00:57.537Z",
                "expiration_time": "2034-07-13T05:01:57.537Z",
                "sha1_fingerprint": "fc216d14cbc3bdddf2a592fc4632aa59a5021cae"
              }
            ],
            "service_account_email_address": "p1004959137079-ibu7b1@gcp-sa-cloud-sql.iam.gserviceaccount.com",
            "settings": [
              {
                "activation_policy": "ALWAYS",
                "active_directory_config": [],
                "advanced_machine_features": [],
                "availability_type": "ZONAL",
                "backup_configuration": [
                  {
                    "backup_retention_settings": [
                      {
                        "retained_backups": 7,
                        "retention_unit": "COUNT"
                      }
                    ],
                    "binary_log_enabled": false,
                    "enabled": false,
                    "location": "",
                    "point_in_time_recovery_enabled": false,
                    "start_time": "06:00",
                    "transaction_log_retention_days": 7
                  }
                ],
                "collation": "",
                "connector_enforcement": "NOT_REQUIRED",
                "data_cache_config": [],
                "database_flags": [],
                "deletion_protection_enabled": false,
                "deny_maintenance_period": [],
                "disk_autoresize": true,
                "disk_autoresize_limit": 0,
                "disk_size": 10,
                "disk_type": "PD_SSD",
                "edition": "ENTERPRISE",
                "enable_google_ml_integration": false,
                "insights_config": [],
                "ip_configuration": [
                  {
                    "allocated_ip_range": "",
                    "authorized_networks": [],
                    "enable_private_path_for_google_cloud_services": false,
                    "ipv4_enabled": true,
                    "private_network": "",
                    "psc_config": [],
                    "require_ssl": false,
                    "ssl_mode": ""
                  }
                ],
                "location_preference": [
                  {
                    "follow_gae_application": "",
                    "secondary_zone": "",
                    "zone": "us-central1-c"
                  }
                ],
                "maintenance_window": [],
                "password_validation_policy": [],
                "pricing_plan": "PER_USE",
                "sql_server_audit_config": [],
                "tier": "db-f1-micro",
                "time_zone": "",
                "user_labels": {},
                "version": 2
              }
            ],
            "timeouts": null
          },
          "sensitive_attributes": [
            [
              {
                "type": "get_attr",
                "value": "root_password"
              }
            ],
            [
              {
                "type": "get_attr",
                "value": "server_ca_cert"
              }
            ]
          ],
          "private": "eyJlMmJmYjczMC1lY2FhLTExZTYtOGY4OC0zNDM2M2JjN2M0YzAiOnsiY3JlYXRlIjo1NDAwMDAwMDAwMDAwLCJkZWxldGUiOjU0MDAwMDAwMDAwMDAsInVwZGF0ZSI6NTQwMDAwMDAwMDAwMH19"
        }
      ]
    },
    {
      "mode": "managed",
      "type": "google_sql_user",
      "name": "users",
      "provider": "provider[\"registry.terraform.io/hashicorp/google\"]",
      "instances": [
        {
          "schema_version": 1,
          "attributes": {
            "deletion_policy": null,
            "host": "",
            "id": "user//my-sql-instance",
            "instance": "my-sql-instance",
            "name": "user",
            "password": "password",
            "password_policy": [],
            "project": "new-task-429501",
            "sql_server_user_details": [],
            "timeouts": null,
            "type": ""
          },
          "sensitive_attributes": [
            [
              {
                "type": "get_attr",
                "value": "password"
              }
            ]
          ],
          "private": "eyJlMmJmYjczMC1lY2FhLTExZTYtOGY4OC0zNDM2M2JjN2M0YzAiOnsiY3JlYXRlIjo2MDAwMDAwMDAwMDAsImRlbGV0ZSI6NjAwMDAwMDAwMDAwLCJ1cGRhdGUiOjYwMDAwMDAwMDAwMH0sInNjaGVtYV92ZXJzaW9uIjoiMSJ9",
          "dependencies": [
            "google_sql_database_instance.db_instance"
          ]
        }
      ]
    }
  ],
  "check_results": null
}
